# This file is automatically @generated by Wally.
# It is not intended for manual editing.
registry = "test"

[[package]]
name = "boatbomber/graphmodule"
version = "1.0.0"
dependencies = []

[[package]]
name = "elttob/fusion"
version = "0.2.0"
dependencies = []

[[package]]
name = "frosty/vehicle-chassis"
version = "0.1.0"
dependencies = [["fusion", "elttob/fusion@0.2.0"], ["graphmodule", "boatbomber/graphmodule@1.0.0"], ["iris", "xswezan/iris@2.0.5"], ["trove", "sleitnick/trove@1.0.0"]]

[[package]]
name = "sleitnick/trove"
version = "1.0.0"
dependencies = []

[[package]]
name = "xswezan/iris"
version = "2.0.5"
dependencies = []
